{"sdkfabric/airtable":{"baseUrl":"https://api.airtable.com/","security":{"type":"httpBearer"},"operations":{"meta.getWhoami":{"path":"/v0/meta/whoami","method":"GET","return":{"code":200,"schema":{"$ref":"User"}},"arguments":[],"throws":[],"description":"Retrieve the user's ID. For OAuth access tokens, the scopes associated with the token used are also returned.","stability":1,"security":[],"authorization":true,"tags":[]},"records.getAll":{"path":"/v0/:baseId/:tableIdOrName","method":"GET","return":{"code":200,"schema":{"$ref":"RecordCollection"}},"arguments":{"baseId":{"in":"path","schema":{"type":"string"}},"tableIdOrName":{"in":"path","schema":{"type":"string"}},"timeZone":{"in":"query","schema":{"type":"string"}},"userLocale":{"in":"query","schema":{"type":"string"}},"pageSize":{"in":"query","schema":{"type":"integer"}},"maxRecords":{"in":"query","schema":{"type":"integer"}},"offset":{"in":"query","schema":{"type":"string"}},"view":{"in":"query","schema":{"type":"string"}},"sort":{"in":"query","schema":{"type":"string"}},"filterByFormula":{"in":"query","schema":{"type":"string"}},"cellFormat":{"in":"query","schema":{"type":"string"}},"fields":{"in":"query","schema":{"type":"string"}},"returnFieldsByFieldId":{"in":"query","schema":{"type":"boolean"}},"recordMetadata":{"in":"query","schema":{"type":"string"}}},"throws":[],"description":"List records in a table. Note that table names and table ids can be used interchangeably. We recommend using table IDs so you don't need to modify your API request when your table name changes.","stability":1,"security":[],"authorization":true,"tags":[]},"records.get":{"path":"/v0/:baseId/:tableIdOrName/:recordId","method":"GET","return":{"code":200,"schema":{"$ref":"Record"}},"arguments":{"baseId":{"in":"path","schema":{"type":"string"}},"tableIdOrName":{"in":"path","schema":{"type":"string"}},"recordId":{"in":"path","schema":{"type":"string"}}},"throws":[],"description":"Retrieve a single record. Any \"empty\" fields (e.g. \"\", [], or false) in the record will not be returned.","stability":1,"security":[],"authorization":true,"tags":[]},"records.replace":{"path":"/v0/:baseId/:tableIdOrName/:recordId","method":"PUT","return":{"code":200,"schema":{"$ref":"Record"}},"arguments":{"baseId":{"in":"path","schema":{"type":"string"}},"tableIdOrName":{"in":"path","schema":{"type":"string"}},"recordId":{"in":"path","schema":{"type":"string"}},"payload":{"in":"body","schema":{"$ref":"Record"}}},"throws":[],"description":"Updates a single record. Table names and table ids can be used interchangeably. We recommend using table IDs so you don't need to modify your API request when your table name changes.","stability":1,"security":[],"authorization":true,"tags":[]},"records.replaceAll":{"path":"/v0/:baseId/:tableIdOrName","method":"PUT","return":{"code":200,"schema":{"$ref":"BulkUpdateResponse"}},"arguments":{"baseId":{"in":"path","schema":{"type":"string"}},"tableIdOrName":{"in":"path","schema":{"type":"string"}},"payload":{"in":"body","schema":{"$ref":"BulkUpdateRequest"}}},"throws":[],"description":"Updates up to 10 records, or upserts them when performUpsert is set.","stability":1,"security":[],"authorization":true,"tags":[]},"records.update":{"path":"/v0/:baseId/:tableIdOrName/:recordId","method":"PATCH","return":{"code":200,"schema":{"$ref":"Record"}},"arguments":{"baseId":{"in":"path","schema":{"type":"string"}},"tableIdOrName":{"in":"path","schema":{"type":"string"}},"recordId":{"in":"path","schema":{"type":"string"}},"payload":{"in":"body","schema":{"$ref":"Record"}}},"throws":[],"description":"Updates a single record. Table names and table ids can be used interchangeably. We recommend using table IDs so you don't need to modify your API request when your table name changes.","stability":1,"security":[],"authorization":true,"tags":[]},"records.updateAll":{"path":"/v0/:baseId/:tableIdOrName","method":"PATCH","return":{"code":200,"schema":{"$ref":"BulkUpdateResponse"}},"arguments":{"baseId":{"in":"path","schema":{"type":"string"}},"tableIdOrName":{"in":"path","schema":{"type":"string"}},"payload":{"in":"body","schema":{"$ref":"BulkUpdateRequest"}}},"throws":[],"description":"Updates up to 10 records, or upserts them when performUpsert is set.","stability":1,"security":[],"authorization":true,"tags":[]},"fields.create":{"path":"/v0/meta/bases/:baseId/tables/:tableId/fields","method":"POST","return":{"code":200,"schema":{"$ref":"Field"}},"arguments":{"baseId":{"in":"path","schema":{"type":"string"}},"tableId":{"in":"path","schema":{"type":"string"}},"payload":{"in":"body","schema":{"$ref":"Field"}}},"throws":[],"description":"","stability":1,"security":[],"authorization":true,"tags":[]},"fields.update":{"path":"/v0/meta/bases/:baseId/tables/:tableId/fields/:columnId","method":"PATCH","return":{"code":200,"schema":{"$ref":"Field"}},"arguments":{"baseId":{"in":"path","schema":{"type":"string"}},"tableId":{"in":"path","schema":{"type":"string"}},"columnId":{"in":"path","schema":{"type":"string"}},"payload":{"in":"body","schema":{"$ref":"Field"}}},"throws":[],"description":"","stability":1,"security":[],"authorization":true,"tags":[]},"table.create":{"path":"/v0/meta/bases/:baseId/tables","method":"POST","return":{"code":200,"schema":{"$ref":"Table"}},"arguments":{"baseId":{"in":"path","schema":{"type":"string"}},"payload":{"in":"body","schema":{"$ref":"Table"}}},"throws":[],"description":"Creates a new table and returns the schema for the newly created table.","stability":1,"security":[],"authorization":true,"tags":[]},"table.update":{"path":"/v0/meta/bases/:baseId/tables/:tableIdOrName","method":"PATCH","return":{"code":200,"schema":{"$ref":"Table"}},"arguments":{"baseId":{"in":"path","schema":{"type":"string"}},"tableIdOrName":{"in":"path","schema":{"type":"string"}},"payload":{"in":"body","schema":{"$ref":"Table"}}},"throws":[],"description":"","stability":1,"security":[],"authorization":true,"tags":[]}},"definitions":{"BulkUpdateRequest":{"description":"","type":"object","properties":{"performUpsert":{"description":"","type":"array","items":{"type":"string"}},"returnFieldsByFieldId":{"description":"","type":"boolean"},"typecast":{"description":"","type":"boolean"},"records":{"description":"","type":"array","items":{"$ref":"Record"}}}},"BulkUpdateResponse":{"description":"","type":"object","properties":{"createdRecords":{"description":"","type":"array","items":{"type":"string"}},"updatedRecords":{"description":"","type":"array","items":{"type":"string"}},"records":{"description":"","type":"array","items":{"$ref":"Record"}}}},"Field":{"description":"","type":"object","properties":{"id":{"description":"","type":"string"},"type":{"description":"","type":"string"},"name":{"description":"","type":"string"},"description":{"description":"","type":"string"},"options":{"description":"","$ref":"FieldOptions"}}},"FieldOptions":{"description":"","type":"object","additionalProperties":{"type":"any"}},"Record":{"description":"","type":"object","properties":{"id":{"description":"","type":"string"},"createdTime":{"description":"","type":"string"},"fields":{"description":"","type":"object","additionalProperties":{"type":"any"}}}},"RecordCollection":{"description":"","type":"object","properties":{"offset":{"description":"","type":"string"},"records":{"description":"","type":"array","items":{"$ref":"Record"}}}},"Table":{"description":"","type":"object","properties":{"id":{"description":"","type":"string"},"primaryFieldId":{"description":"","type":"string"},"name":{"description":"","type":"string"},"description":{"description":"","type":"string"},"fields":{"description":"","type":"array","items":{"$ref":"Field"}}}},"User":{"description":"","type":"object","properties":{"email":{"description":"","type":"string"},"id":{"description":"","type":"string"}}}}}}